
Microsoft Visual Studio Solution File, Format Version 12.00
# Visual Studio Version 16
VisualStudioVersion = 16.0.32510.428
MinimumVisualStudioVersion = 10.0.40219.1
Project("{FAE04EC0-301F-11D3-BF4B-00C04F79EFBC}") = "EmployeeSkill", "EmployeeSkill.csproj", "{4B389252-0CF4-445C-97C4-D8179AAC1445}"
EndProject
Project("{E53339B2-1760-4266-BCC7-CA923CBCF16C}") = "docker-compose", "docker-compose.dcproj", "{AA0E6C64-C835-4793-8971-FFDE1927639B}"
EndProject
Global
	GlobalSection(SolutionConfigurationPlatforms) = preSolution
		Debug|Any CPU = Debug|Any CPU
		Release|Any CPU = Release|Any CPU
	EndGlobalSection
	GlobalSection(ProjectConfigurationPlatforms) = postSolution
		{4B389252-0CF4-445C-97C4-D8179AAC1445}.Debug|Any CPU.ActiveCfg = Debug|Any CPU
		{4B389252-0CF4-445C-97C4-D8179AAC1445}.Debug|Any CPU.Build.0 = Debug|Any CPU
		{4B389252-0CF4-445C-97C4-D8179AAC1445}.Release|Any CPU.ActiveCfg = Release|Any CPU
		{4B389252-0CF4-445C-97C4-D8179AAC1445}.Release|Any CPU.Build.0 = Release|Any CPU
		{AA0E6C64-C835-4793-8971-FFDE1927639B}.Debug|Any CPU.ActiveCfg = Debug|Any CPU
		{AA0E6C64-C835-4793-8971-FFDE1927639B}.Debug|Any CPU.Build.0 = Debug|Any CPU
		{AA0E6C64-C835-4793-8971-FFDE1927639B}.Release|Any CPU.ActiveCfg = Release|Any CPU
		{AA0E6C64-C835-4793-8971-FFDE1927639B}.Release|Any CPU.Build.0 = Release|Any CPU
	EndGlobalSection
	GlobalSection(SolutionProperties) = preSolution
		HideSolutionNode = FALSE
	EndGlobalSection
	GlobalSection(ExtensibilityGlobals) = postSolution
		SolutionGuid = {4EC8471F-9EC0-4399-BC1E-670C20A0C337}
	EndGlobalSection
EndGlobal
